
Microsoft Visual Studio Solution File, Format Version 12.00
# Visual Studio Version 17
VisualStudioVersion = 17.3.32825.248
MinimumVisualStudioVersion = 10.0.40219.1
Project("{FAE04EC0-301F-11D3-BF4B-00C04F79EFBC}") = "projeto_poo_CS", "projeto_poo_CS\projeto_poo_CS.csproj", "{35769C11-8186-4881-B01D-49696886D1AC}"
EndProject
Global
	GlobalSection(SolutionConfigurationPlatforms) = preSolution
		Debug|Any CPU = Debug|Any CPU
		Release|Any CPU = Release|Any CPU
	EndGlobalSection
	GlobalSection(ProjectConfigurationPlatforms) = postSolution
		{35769C11-8186-4881-B01D-49696886D1AC}.Debug|Any CPU.ActiveCfg = Debug|Any CPU
		{35769C11-8186-4881-B01D-49696886D1AC}.Debug|Any CPU.Build.0 = Debug|Any CPU
		{35769C11-8186-4881-B01D-49696886D1AC}.Release|Any CPU.ActiveCfg = Release|Any CPU
		{35769C11-8186-4881-B01D-49696886D1AC}.Release|Any CPU.Build.0 = Release|Any CPU
	EndGlobalSection
	GlobalSection(SolutionProperties) = preSolution
		HideSolutionNode = FALSE
	EndGlobalSection
	GlobalSection(ExtensibilityGlobals) = postSolution
		SolutionGuid = {006D6848-E689-4776-8698-2A468CF6A3DA}
	EndGlobalSection
EndGlobal
